
Microsoft Visual Studio Solution File, Format Version 12.00
# Visual Studio 15
VisualStudioVersion = 15.0.27004.2009
MinimumVisualStudioVersion = 10.0.40219.1
Project("{FAE04EC0-301F-11D3-BF4B-00C04F79EFBC}") = "SmilyTimerUWP", "SmilyTimerUWP\SmilyTimerUWP.csproj", "{34746E75-2B17-41B7-BE98-DA63773068EC}"
EndProject
Project("{2150E333-8FDC-42A3-9474-1A3956D46DE8}") = "Solution Items", "Solution Items", "{74C5AEE4-5EFB-4C69-8975-8A5F3DBD5426}"
	ProjectSection(SolutionItems) = preProject
		README.md = README.md
	EndProjectSection
EndProject
Global
	GlobalSection(SolutionConfigurationPlatforms) = preSolution
		Debug|ARM = Debug|ARM
		Debug|x64 = Debug|x64
		Debug|x86 = Debug|x86
		Release|ARM = Release|ARM
		Release|x64 = Release|x64
		Release|x86 = Release|x86
	EndGlobalSection
	GlobalSection(ProjectConfigurationPlatforms) = postSolution
		{34746E75-2B17-41B7-BE98-DA63773068EC}.Debug|ARM.ActiveCfg = Debug|ARM
		{34746E75-2B17-41B7-BE98-DA63773068EC}.Debug|ARM.Build.0 = Debug|ARM
		{34746E75-2B17-41B7-BE98-DA63773068EC}.Debug|ARM.Deploy.0 = Debug|ARM
		{34746E75-2B17-41B7-BE98-DA63773068EC}.Debug|x64.ActiveCfg = Debug|x64
		{34746E75-2B17-41B7-BE98-DA63773068EC}.Debug|x64.Build.0 = Debug|x64
		{34746E75-2B17-41B7-BE98-DA63773068EC}.Debug|x64.Deploy.0 = Debug|x64
		{34746E75-2B17-41B7-BE98-DA63773068EC}.Debug|x86.ActiveCfg = Debug|x86
		{34746E75-2B17-41B7-BE98-DA63773068EC}.Debug|x86.Build.0 = Debug|x86
		{34746E75-2B17-41B7-BE98-DA63773068EC}.Debug|x86.Deploy.0 = Debug|x86
		{34746E75-2B17-41B7-BE98-DA63773068EC}.Release|ARM.ActiveCfg = Release|ARM
		{34746E75-2B17-41B7-BE98-DA63773068EC}.Release|ARM.Build.0 = Release|ARM
		{34746E75-2B17-41B7-BE98-DA63773068EC}.Release|ARM.Deploy.0 = Release|ARM
		{34746E75-2B17-41B7-BE98-DA63773068EC}.Release|x64.ActiveCfg = Release|x64
		{34746E75-2B17-41B7-BE98-DA63773068EC}.Release|x64.Build.0 = Release|x64
		{34746E75-2B17-41B7-BE98-DA63773068EC}.Release|x64.Deploy.0 = Release|x64
		{34746E75-2B17-41B7-BE98-DA63773068EC}.Release|x86.ActiveCfg = Release|x86
		{34746E75-2B17-41B7-BE98-DA63773068EC}.Release|x86.Build.0 = Release|x86
		{34746E75-2B17-41B7-BE98-DA63773068EC}.Release|x86.Deploy.0 = Release|x86
	EndGlobalSection
	GlobalSection(SolutionProperties) = preSolution
		HideSolutionNode = FALSE
	EndGlobalSection
	GlobalSection(ExtensibilityGlobals) = postSolution
		SolutionGuid = {C0B52B3E-39BC-4438-B9E3-B3EF09BF4668}
	EndGlobalSection
EndGlobal
